# This file is automatically @generated by Cargo.
# It is not intended for manual editing.
version = 4

[[package]]
name = "ra2ne-assets"
version = "0.1.0"

[[package]]
name = "ra2ne-bench"
version = "0.1.0"
dependencies = [
 "ra2ne-assets",
 "ra2ne-core",
]

[[package]]
name = "ra2ne-core"
version = "0.1.0"
